
Microsoft Visual Studio Solution File, Format Version 12.00
# Visual Studio Version 17
VisualStudioVersion = 17.12.35309.182
MinimumVisualStudioVersion = 10.0.40219.1
Project("{FAE04EC0-301F-11D3-BF4B-00C04F79EFBC}") = "Project_CL", "Project_CL.csproj", "{434D2F84-7BE2-4047-8FFB-31884D714FC6}"
EndProject
Project("{FAE04EC0-301F-11D3-BF4B-00C04F79EFBC}") = "Project_CL.Client", "..\Project_CL.Client\Project_CL.Client.csproj", "{FA4A1EEA-D4A8-409E-9DED-A09E6049B1D5}"
EndProject
Project("{2150E333-8FDC-42A3-9474-1A3956D46DE8}") = "src", "src", "{E9144315-0C0C-4727-A94A-6FCE3FEFC855}"
EndProject
Project("{2150E333-8FDC-42A3-9474-1A3956D46DE8}") = "app", "app", "{07D32633-C260-41E3-AC93-E8E961D8F887}"
EndProject
Project("{2150E333-8FDC-42A3-9474-1A3956D46DE8}") = "data", "data", "{0966E340-FCBB-49D7-A541-112B1A38FF4E}"
EndProject
Project("{2150E333-8FDC-42A3-9474-1A3956D46DE8}") = "Api", "Api", "{4F7549DA-17C0-4D68-BD36-2C1BD1527BC0}"
EndProject
Project("{2150E333-8FDC-42A3-9474-1A3956D46DE8}") = "web", "web", "{C6DCF30C-C1D3-4AE2-9129-5949C1FD7D8C}"
EndProject
Project("{2150E333-8FDC-42A3-9474-1A3956D46DE8}") = "services", "services", "{FE488B67-582D-4E07-9ACB-D4B1D5A049FD}"
EndProject
Project("{FAE04EC0-301F-11D3-BF4B-00C04F79EFBC}") = "Project_CL.Data", "..\..\..\data\Project_CL.Data\Project_CL.Data.csproj", "{6687FF3F-6F83-4992-BFDB-898A7AA61E1E}"
EndProject
Project("{FAE04EC0-301F-11D3-BF4B-00C04F79EFBC}") = "Project_CL.Api", "..\..\api\Project_CL.Api\Project_CL.Api.csproj", "{07926217-A5BC-4AB8-9AAC-789E90DB4D2E}"
EndProject
Project("{FAE04EC0-301F-11D3-BF4B-00C04F79EFBC}") = "Project_CL.Services", "..\..\services\Project_CL.Services\Project_CL.Services.csproj", "{C915C798-77B7-46E5-86DD-656F6DD3B92D}"
EndProject
Global
	GlobalSection(SolutionConfigurationPlatforms) = preSolution
		Debug|Any CPU = Debug|Any CPU
		Release|Any CPU = Release|Any CPU
	EndGlobalSection
	GlobalSection(ProjectConfigurationPlatforms) = postSolution
		{434D2F84-7BE2-4047-8FFB-31884D714FC6}.Debug|Any CPU.ActiveCfg = Debug|Any CPU
		{434D2F84-7BE2-4047-8FFB-31884D714FC6}.Debug|Any CPU.Build.0 = Debug|Any CPU
		{434D2F84-7BE2-4047-8FFB-31884D714FC6}.Release|Any CPU.ActiveCfg = Release|Any CPU
		{434D2F84-7BE2-4047-8FFB-31884D714FC6}.Release|Any CPU.Build.0 = Release|Any CPU
		{FA4A1EEA-D4A8-409E-9DED-A09E6049B1D5}.Debug|Any CPU.ActiveCfg = Debug|Any CPU
		{FA4A1EEA-D4A8-409E-9DED-A09E6049B1D5}.Debug|Any CPU.Build.0 = Debug|Any CPU
		{FA4A1EEA-D4A8-409E-9DED-A09E6049B1D5}.Release|Any CPU.ActiveCfg = Release|Any CPU
		{FA4A1EEA-D4A8-409E-9DED-A09E6049B1D5}.Release|Any CPU.Build.0 = Release|Any CPU
		{6687FF3F-6F83-4992-BFDB-898A7AA61E1E}.Debug|Any CPU.ActiveCfg = Debug|Any CPU
		{6687FF3F-6F83-4992-BFDB-898A7AA61E1E}.Debug|Any CPU.Build.0 = Debug|Any CPU
		{6687FF3F-6F83-4992-BFDB-898A7AA61E1E}.Release|Any CPU.ActiveCfg = Release|Any CPU
		{6687FF3F-6F83-4992-BFDB-898A7AA61E1E}.Release|Any CPU.Build.0 = Release|Any CPU
		{07926217-A5BC-4AB8-9AAC-789E90DB4D2E}.Debug|Any CPU.ActiveCfg = Debug|Any CPU
		{07926217-A5BC-4AB8-9AAC-789E90DB4D2E}.Debug|Any CPU.Build.0 = Debug|Any CPU
		{07926217-A5BC-4AB8-9AAC-789E90DB4D2E}.Release|Any CPU.ActiveCfg = Release|Any CPU
		{07926217-A5BC-4AB8-9AAC-789E90DB4D2E}.Release|Any CPU.Build.0 = Release|Any CPU
		{C915C798-77B7-46E5-86DD-656F6DD3B92D}.Debug|Any CPU.ActiveCfg = Debug|Any CPU
		{C915C798-77B7-46E5-86DD-656F6DD3B92D}.Debug|Any CPU.Build.0 = Debug|Any CPU
		{C915C798-77B7-46E5-86DD-656F6DD3B92D}.Release|Any CPU.ActiveCfg = Release|Any CPU
		{C915C798-77B7-46E5-86DD-656F6DD3B92D}.Release|Any CPU.Build.0 = Release|Any CPU
	EndGlobalSection
	GlobalSection(SolutionProperties) = preSolution
		HideSolutionNode = FALSE
	EndGlobalSection
	GlobalSection(NestedProjects) = preSolution
		{434D2F84-7BE2-4047-8FFB-31884D714FC6} = {C6DCF30C-C1D3-4AE2-9129-5949C1FD7D8C}
		{FA4A1EEA-D4A8-409E-9DED-A09E6049B1D5} = {C6DCF30C-C1D3-4AE2-9129-5949C1FD7D8C}
		{07D32633-C260-41E3-AC93-E8E961D8F887} = {E9144315-0C0C-4727-A94A-6FCE3FEFC855}
		{0966E340-FCBB-49D7-A541-112B1A38FF4E} = {E9144315-0C0C-4727-A94A-6FCE3FEFC855}
		{4F7549DA-17C0-4D68-BD36-2C1BD1527BC0} = {07D32633-C260-41E3-AC93-E8E961D8F887}
		{C6DCF30C-C1D3-4AE2-9129-5949C1FD7D8C} = {07D32633-C260-41E3-AC93-E8E961D8F887}
		{FE488B67-582D-4E07-9ACB-D4B1D5A049FD} = {07D32633-C260-41E3-AC93-E8E961D8F887}
		{6687FF3F-6F83-4992-BFDB-898A7AA61E1E} = {0966E340-FCBB-49D7-A541-112B1A38FF4E}
		{07926217-A5BC-4AB8-9AAC-789E90DB4D2E} = {4F7549DA-17C0-4D68-BD36-2C1BD1527BC0}
		{C915C798-77B7-46E5-86DD-656F6DD3B92D} = {FE488B67-582D-4E07-9ACB-D4B1D5A049FD}
	EndGlobalSection
	GlobalSection(ExtensibilityGlobals) = postSolution
		SolutionGuid = {E8EFBDF4-8FDB-483B-9EFD-EE995215FCAE}
	EndGlobalSection
EndGlobal
